
Microsoft Visual Studio Solution File, Format Version 12.00
# Visual Studio Version 17
VisualStudioVersion = 17.9.34701.34
MinimumVisualStudioVersion = 10.0.40219.1
Project("{2150E333-8FDC-42A3-9474-1A3956D46DE8}") = "src", "src", "{8455E72D-61E1-4D5F-AF51-780DD68A9C4A}"
EndProject
Project("{2150E333-8FDC-42A3-9474-1A3956D46DE8}") = "Libraries", "Libraries", "{B1EBB349-A4DC-4F1C-9958-A4F6753D4251}"
EndProject
Project("{2150E333-8FDC-42A3-9474-1A3956D46DE8}") = "Presentation", "Presentation", "{29F70397-ACAE-4E38-9BFD-2BF5B2F9320D}"
EndProject
Project("{9A19103F-16F7-4668-BE54-9A1E7A4F7556}") = "RealEstate.Core", "RealEstate.Core\RealEstate.Core.csproj", "{A4469120-9924-4515-A163-CA41F7E2CDCE}"
EndProject
Project("{9A19103F-16F7-4668-BE54-9A1E7A4F7556}") = "RealEstate.Services", "RealEstate.Services\RealEstate.Services.csproj", "{D8069F8D-A3C8-4C30-8CDC-2BE084B55638}"
EndProject
Project("{9A19103F-16F7-4668-BE54-9A1E7A4F7556}") = "RealEstate.Domain", "RealEstate.Domain\RealEstate.Domain.csproj", "{25840C09-9E8D-43A4-BAB4-7D5B4DC0E54A}"
EndProject
Project("{9A19103F-16F7-4668-BE54-9A1E7A4F7556}") = "RealEstate.Data", "RealEstate.Data\RealEstate.Data.csproj", "{4DEDC430-92E8-4B03-A947-E07B7631B263}"
EndProject
Project("{9A19103F-16F7-4668-BE54-9A1E7A4F7556}") = "RealEstate.Api", "RealEstate.Api\RealEstate.Api.csproj", "{3D691BBB-4AAD-4A20-8C82-FC41D48270B7}"
EndProject
Project("{9A19103F-16F7-4668-BE54-9A1E7A4F7556}") = "RealEstate.Api.Framework", "RealEstate.Api.Framework\RealEstate.Api.Framework.csproj", "{C489C04A-0E96-4C46-8C3B-8B6B1E3EEACE}"
EndProject
Project("{E53339B2-1760-4266-BCC7-CA923CBCF16C}") = "docker-compose", "docker-compose.dcproj", "{6B0213E4-290E-4E47-AA3F-CE3B1E0B13D0}"
EndProject
Global
	GlobalSection(SolutionConfigurationPlatforms) = preSolution
		Debug|Any CPU = Debug|Any CPU
		Release|Any CPU = Release|Any CPU
	EndGlobalSection
	GlobalSection(ProjectConfigurationPlatforms) = postSolution
		{A4469120-9924-4515-A163-CA41F7E2CDCE}.Debug|Any CPU.ActiveCfg = Debug|Any CPU
		{A4469120-9924-4515-A163-CA41F7E2CDCE}.Debug|Any CPU.Build.0 = Debug|Any CPU
		{A4469120-9924-4515-A163-CA41F7E2CDCE}.Release|Any CPU.ActiveCfg = Release|Any CPU
		{A4469120-9924-4515-A163-CA41F7E2CDCE}.Release|Any CPU.Build.0 = Release|Any CPU
		{D8069F8D-A3C8-4C30-8CDC-2BE084B55638}.Debug|Any CPU.ActiveCfg = Debug|Any CPU
		{D8069F8D-A3C8-4C30-8CDC-2BE084B55638}.Debug|Any CPU.Build.0 = Debug|Any CPU
		{D8069F8D-A3C8-4C30-8CDC-2BE084B55638}.Release|Any CPU.ActiveCfg = Release|Any CPU
		{D8069F8D-A3C8-4C30-8CDC-2BE084B55638}.Release|Any CPU.Build.0 = Release|Any CPU
		{25840C09-9E8D-43A4-BAB4-7D5B4DC0E54A}.Debug|Any CPU.ActiveCfg = Debug|Any CPU
		{25840C09-9E8D-43A4-BAB4-7D5B4DC0E54A}.Debug|Any CPU.Build.0 = Debug|Any CPU
		{25840C09-9E8D-43A4-BAB4-7D5B4DC0E54A}.Release|Any CPU.ActiveCfg = Release|Any CPU
		{25840C09-9E8D-43A4-BAB4-7D5B4DC0E54A}.Release|Any CPU.Build.0 = Release|Any CPU
		{4DEDC430-92E8-4B03-A947-E07B7631B263}.Debug|Any CPU.ActiveCfg = Debug|Any CPU
		{4DEDC430-92E8-4B03-A947-E07B7631B263}.Debug|Any CPU.Build.0 = Debug|Any CPU
		{4DEDC430-92E8-4B03-A947-E07B7631B263}.Release|Any CPU.ActiveCfg = Release|Any CPU
		{4DEDC430-92E8-4B03-A947-E07B7631B263}.Release|Any CPU.Build.0 = Release|Any CPU
		{3D691BBB-4AAD-4A20-8C82-FC41D48270B7}.Debug|Any CPU.ActiveCfg = Debug|Any CPU
		{3D691BBB-4AAD-4A20-8C82-FC41D48270B7}.Debug|Any CPU.Build.0 = Debug|Any CPU
		{3D691BBB-4AAD-4A20-8C82-FC41D48270B7}.Release|Any CPU.ActiveCfg = Release|Any CPU
		{3D691BBB-4AAD-4A20-8C82-FC41D48270B7}.Release|Any CPU.Build.0 = Release|Any CPU
		{C489C04A-0E96-4C46-8C3B-8B6B1E3EEACE}.Debug|Any CPU.ActiveCfg = Debug|Any CPU
		{C489C04A-0E96-4C46-8C3B-8B6B1E3EEACE}.Debug|Any CPU.Build.0 = Debug|Any CPU
		{C489C04A-0E96-4C46-8C3B-8B6B1E3EEACE}.Release|Any CPU.ActiveCfg = Release|Any CPU
		{C489C04A-0E96-4C46-8C3B-8B6B1E3EEACE}.Release|Any CPU.Build.0 = Release|Any CPU
		{6B0213E4-290E-4E47-AA3F-CE3B1E0B13D0}.Debug|Any CPU.ActiveCfg = Debug|Any CPU
		{6B0213E4-290E-4E47-AA3F-CE3B1E0B13D0}.Debug|Any CPU.Build.0 = Debug|Any CPU
		{6B0213E4-290E-4E47-AA3F-CE3B1E0B13D0}.Release|Any CPU.ActiveCfg = Release|Any CPU
		{6B0213E4-290E-4E47-AA3F-CE3B1E0B13D0}.Release|Any CPU.Build.0 = Release|Any CPU
	EndGlobalSection
	GlobalSection(SolutionProperties) = preSolution
		HideSolutionNode = FALSE
	EndGlobalSection
	GlobalSection(NestedProjects) = preSolution
		{B1EBB349-A4DC-4F1C-9958-A4F6753D4251} = {8455E72D-61E1-4D5F-AF51-780DD68A9C4A}
		{29F70397-ACAE-4E38-9BFD-2BF5B2F9320D} = {8455E72D-61E1-4D5F-AF51-780DD68A9C4A}
		{A4469120-9924-4515-A163-CA41F7E2CDCE} = {B1EBB349-A4DC-4F1C-9958-A4F6753D4251}
		{D8069F8D-A3C8-4C30-8CDC-2BE084B55638} = {B1EBB349-A4DC-4F1C-9958-A4F6753D4251}
		{25840C09-9E8D-43A4-BAB4-7D5B4DC0E54A} = {B1EBB349-A4DC-4F1C-9958-A4F6753D4251}
		{4DEDC430-92E8-4B03-A947-E07B7631B263} = {B1EBB349-A4DC-4F1C-9958-A4F6753D4251}
		{3D691BBB-4AAD-4A20-8C82-FC41D48270B7} = {29F70397-ACAE-4E38-9BFD-2BF5B2F9320D}
		{C489C04A-0E96-4C46-8C3B-8B6B1E3EEACE} = {29F70397-ACAE-4E38-9BFD-2BF5B2F9320D}
	EndGlobalSection
	GlobalSection(ExtensibilityGlobals) = postSolution
		SolutionGuid = {8ACB7FE7-2F53-4168-9E93-91D2EE07F91C}
	EndGlobalSection
EndGlobal
